// !$*UTF8*$!
{
	archiveVersion = 1;
	classes = {
	};
	objectVersion = 46;
	objects = {

/* Begin PBXBuildFile section */
		68FEAC071CBD689500B5C92F /* AppDelegate.swift in Sources */ = {isa = PBXBuildFile; fileRef = 68FEAC061CBD689500B5C92F /* AppDelegate.swift */; };
		68FEAC091CBD689500B5C92F /* ViewController.swift in Sources */ = {isa = PBXBuildFile; fileRef = 68FEAC081CBD689500B5C92F /* ViewController.swift */; };
		68FEAC0C1CBD689500B5C92F /* Main.storyboard in Resources */ = {isa = PBXBuildFile; fileRef = 68FEAC0A1CBD689500B5C92F /* Main.storyboard */; };
		68FEAC0E1CBD689600B5C92F /* Assets.xcassets in Resources */ = {isa = PBXBuildFile; fileRef = 68FEAC0D1CBD689600B5C92F /* Assets.xcassets */; };
		68FEAC111CBD689600B5C92F /* LaunchScreen.storyboard in Resources */ = {isa = PBXBuildFile; fileRef = 68FEAC0F1CBD689600B5C92F /* LaunchScreen.storyboard */; };
/* End PBXBuildFile section */

/* Begin PBXFileReference section */
		68FEAC031CBD689500B5C92F /* RGB.app */ = {isa = PBXFileReference; explicitFileType = wrapper.application; includeInIndex = 0; path = RGB.app; sourceTree = BUILT_PRODUCTS_DIR; };
		68FEAC061CBD689500B5C92F /* AppDelegate.swift */ = {isa = PBXFileReference; lastKnownFileType = sourcecode.swift; path = AppDelegate.swift; sourceTree = "<group>"; };
		68FEAC081CBD689500B5C92F /* ViewController.swift */ = {isa = PBXFileReference; lastKnownFileType = sourcecode.swift; path = ViewController.swift; sourceTree = "<group>"; };
		68FEAC0B1CBD689500B5C92F /* Base */ = {isa = PBXFileReference; lastKnownFileType = file.storyboard; name = Base; path = Base.lproj/Main.storyboard; sourceTree = "<group>"; };
		68FEAC0D1CBD689600B5C92F /* Assets.xcassets */ = {isa = PBXFileReference; lastKnownFileType = folder.assetcatalog; path = Assets.xcassets; sourceTree = "<group>"; };
		68FEAC101CBD689600B5C92F /* Base */ = {isa = PBXFileReference; lastKnownFileType = file.storyboard; name = Base; path = Base.lproj/LaunchScreen.storyboard; sourceTree = "<group>"; };
		68FEAC121CBD689600B5C92F /* Info.plist */ = {isa = PBXFileReference; lastKnownFileType = text.plist.xml; path = Info.plist; sourceTree = "<group>"; };
/* End PBXFileReference section */

/* Begin PBXFrameworksBuildPhase section */
		68FEAC001CBD689500B5C92F /* Frameworks */ = {
			isa = PBXFrameworksBuildPhase;
			buildActionMask = 2147483647;
			files = (
			);
			runOnlyForDeploymentPostprocessing = 0;
		};
/* End PBXFrameworksBuildPhase section */

/* Begin PBXGroup section */
		68FEABFA1CBD689500B5C92F = {
			isa = PBXGroup;
			children = (
				68FEAC051CBD689500B5C92F /* RGB */,
				68FEAC041CBD689500B5C92F /* Products */,
			);
			sourceTree = "<group>";
		};
		68FEAC041CBD689500B5C92F /* Products */ = {
			isa = PBXGroup;
			children = (
				68FEAC031CBD689500B5C92F /* RGB.app */,
			);
			name = Products;
			sourceTree = "<group>";
		};
		68FEAC051CBD689500B5C92F /* RGB */ = {
			isa = PBXGroup;
			children = (
				68FEAC061CBD689500B5C92F /* AppDelegate.swift */,
				68FEAC081CBD689500B5C92F /* ViewController.swift */,
				68FEAC0A1CBD689500B5C92F /* Main.storyboard */,
				68FEAC0D1CBD689600B5C92F /* Assets.xcassets */,
				68FEAC0F1CBD689600B5C92F /* LaunchScreen.storyboard */,
				68FEAC121CBD689600B5C92F /* Info.plist */,
			);
			path = RGB;
			sourceTree = "<group>";
		};
/* End PBXGroup section */

/* Begin PBXNativeTarget section */
		68FEAC021CBD689500B5C92F /* RGB */ = {
			isa = PBXNativeTarget;
			buildConfigurationList = 68FEAC151CBD689600B5C92F /* Build configuration list for PBXNativeTarget "RGB" */;
			buildPhases = (
				68FEABFF1CBD689500B5C92F /* Sources */,
				68FEAC001CBD689500B5C92F /* Frameworks */,
				68FEAC011CBD689500B5C92F /* Resources */,
			);
			buildRules = (
			);
			dependencies = (
			);
			name = RGB;
			productName = RGB;
			productReference = 68FEAC031CBD689500B5C92F /* RGB.app */;
			productType = "com.apple.product-type.application";
		};
/* End PBXNativeTarget section */

/* Begin PBXProject section */
		68FEABFB1CBD689500B5C92F /* Project object */ = {
			isa = PBXProject;
			attributes = {
				LastSwiftUpdateCheck = 0720;
				LastUpgradeCheck = 0720;
				ORGANIZATIONNAME = Thinkful;
				TargetAttributes = {
					68FEAC021CBD689500B5C92F = {
						CreatedOnToolsVersion = 7.2;
					};
				};
			};
			buildConfigurationList = 68FEABFE1CBD689500B5C92F /* Build configuration list for PBXProject "RGB" */;
			compatibilityVersion = "Xcode 3.2";
			developmentRegion = English;
			hasScannedForEncodings = 0;
			knownRegions = (
				en,
				Base,
			);
			mainGroup = 68FEABFA1CBD689500B5C92F;
			productRefGroup = 68FEAC041CBD689500B5C92F /* Products */;
			projectDirPath = "";
			projectRoot = "";
			targets = (
				68FEAC021CBD689500B5C92F /* RGB */,
			);
		};
/* End PBXProject section */

/* Begin PBXResourcesBuildPhase section */
		68FEAC011CBD689500B5C92F /* Resources */ = {
			isa = PBXResourcesBuildPhase;
			buildActionMask = 2147483647;
			files = (
				68FEAC111CBD689600B5C92F /* LaunchScreen.storyboard in Resources */,
				68FEAC0E1CBD689600B5C92F /* Assets.xcassets in Resources */,
				68FEAC0C1CBD689500B5C92F /* Main.storyboard in Resources */,
			);
			runOnlyForDeploymentPostprocessing = 0;
		};
/* End PBXResourcesBuildPhase section */

/* Begin PBXSourcesBuildPhase section */
		68FEABFF1CBD689500B5C92F /* Sources */ = {
			isa = PBXSourcesBuildPhase;
			buildActionMask = 2147483647;
			files = (
				68FEAC091CBD689500B5C92F /* ViewController.swift in Sources */,
				68FEAC071CBD689500B5C92F /* AppDelegate.swift in Sources */,
			);
			runOnlyForDeploymentPostprocessing = 0;
		};
/* End PBXSourcesBuildPhase section */

/* Begin PBXVariantGroup section */
		68FEAC0A1CBD689500B5C92F /* Main.storyboard */ = {
			isa = PBXVariantGroup;
			children = (
				68FEAC0B1CBD689500B5C92F /* Base */,
			);
			name = Main.storyboard;
			sourceTree = "<group>";
		};
		68FEAC0F1CBD689600B5C92F /* LaunchScreen.storyboard */ = {
			isa = PBXVariantGroup;
			children = (
				68FEAC101CBD689600B5C92F /* Base */,
			);
			name = LaunchScreen.storyboard;
			sourceTree = "<group>";
		};
/* End PBXVariantGroup section */

/* Begin XCBuildConfiguration section */
		68FEAC131CBD689600B5C92F /* Debug */ = {
			isa = XCBuildConfiguration;
			buildSettings = {
				ALWAYS_SEARCH_USER_PATHS = NO;
				CLANG_CXX_LANGUAGE_STANDARD = "gnu++0x";
				CLANG_CXX_LIBRARY = "libc++";
				CLANG_ENABLE_MODULES = YES;
				CLANG_ENABLE_OBJC_ARC = YES;
				CLANG_WARN_BOOL_CONVERSION = YES;
				CLANG_WARN_CONSTANT_CONVERSION = YES;
				CLANG_WARN_DIRECT_OBJC_ISA_USAGE = YES_ERROR;
				CLANG_WARN_EMPTY_BODY = YES;
				CLANG_WARN_ENUM_CONVERSION = YES;
				CLANG_WARN_INT_CONVERSION = YES;
				CLANG_WARN_OBJC_ROOT_CLASS = YES_ERROR;
				CLANG_WARN_UNREACHABLE_CODE = YES;
				CLANG_WARN__DUPLICATE_METHOD_MATCH = YES;
				"CODE_SIGN_IDENTITY[sdk=iphoneos*]" = "iPhone Developer";
				COPY_PHASE_STRIP = NO;
				DEBUG_INFORMATION_FORMAT = dwarf;
				ENABLE_STRICT_OBJC_MSGSEND = YES;
				ENABLE_TESTABILITY = YES;
				GCC_C_LANGUAGE_STANDARD = gnu99;
				GCC_DYNAMIC_NO_PIC = NO;
				GCC_NO_COMMON_BLOCKS = YES;
				GCC_OPTIMIZATION_LEVEL = 0;
				GCC_PREPROCESSOR_DEFINITIONS = (
					"DEBUG=1",
					"$(inherited)",
				);
				GCC_WARN_64_TO_32_BIT_CONVERSION = YES;
				GCC_WARN_ABOUT_RETURN_TYPE = YES_ERROR;
				GCC_WARN_UNDECLARED_SELECTOR = YES;
				GCC_WARN_UNINITIALIZED_AUTOS = YES_AGGRESSIVE;
				GCC_WARN_UNUSED_FUNCTION = YES;
				GCC_WARN_UNUSED_VARIABLE = YES;
				IPHONEOS_DEPLOYMENT_TARGET = 9.2;
				MTL_ENABLE_DEBUG_INFO = YES;
				ONLY_ACTIVE_ARCH = YES;
				SDKROOT = iphoneos;
				SWIFT_OPTIMIZATION_LEVEL = "-Onone";
			};
			name = Debug;
		};
		68FEAC141CBD689600B5C92F /* Release */ = {
			isa = XCBuildConfiguration;
			buildSettings = {
				ALWAYS_SEARCH_USER_PATHS = NO;
				CLANG_CXX_LANGUAGE_STANDARD = "gnu++0x";
				CLANG_CXX_LIBRARY = "libc++";
				CLANG_ENABLE_MODULES = YES;
				CLANG_ENABLE_OBJC_ARC = YES;
				CLANG_WARN_BOOL_CONVERSION = YES;
				CLANG_WARN_CONSTANT_CONVERSION = YES;
				CLANG_WARN_DIRECT_OBJC_ISA_USAGE = YES_ERROR;
				CLANG_WARN_EMPTY_BODY = YES;
				CLANG_WARN_ENUM_CONVERSION = YES;
				CLANG_WARN_INT_CONVERSION = YES;
				CLANG_WARN_OBJC_ROOT_CLASS = YES_ERROR;
				CLANG_WARN_UNREACHABLE_CODE = YES;
				CLANG_WARN__DUPLICATE_METHOD_MATCH = YES;
				"CODE_SIGN_IDENTITY[sdk=iphoneos*]" = "iPhone Developer";
				COPY_PHASE_STRIP = NO;
				DEBUG_INFORMATION_FORMAT = "dwarf-with-dsym";
				ENABLE_NS_ASSERTIONS = NO;
				ENABLE_STRICT_OBJC_MSGSEND = YES;
				GCC_C_LANGUAGE_STANDARD = gnu99;
				GCC_NO_COMMON_BLOCKS = YES;
				GCC_WARN_64_TO_32_BIT_CONVERSION = YES;
				GCC_WARN_ABOUT_RETURN_TYPE = YES_ERROR;
				GCC_WARN_UNDECLARED_SELECTOR = YES;
				GCC_WARN_UNINITIALIZED_AUTOS = YES_AGGRESSIVE;
				GCC_WARN_UNUSED_FUNCTION = YES;
				GCC_WARN_UNUSED_VARIABLE = YES;
				IPHONEOS_DEPLOYMENT_TARGET = 9.2;
				MTL_ENABLE_DEBUG_INFO = NO;
				SDKROOT = iphoneos;
				VALIDATE_PRODUCT = YES;
			};
			name = Release;
		};
		68FEAC161CBD689600B5C92F /* Debug */ = {
			isa = XCBuildConfiguration;
			buildSettings = {
				ASSETCATALOG_COMPILER_APPICON_NAME = AppIcon;
				INFOPLIST_FILE = RGB/Info.plist;
				LD_RUNPATH_SEARCH_PATHS = "$(inherited) @executable_path/Frameworks";
				PRODUCT_BUNDLE_IDENTIFIER = com.thinkful.RGB;
				PRODUCT_NAME = "$(TARGET_NAME)";
			};
			name = Debug;
		};
		68FEAC171CBD689600B5C92F /* Release */ = {
			isa = XCBuildConfiguration;
			buildSettings = {
				ASSETCATALOG_COMPILER_APPICON_NAME = AppIcon;
				INFOPLIST_FILE = RGB/Info.plist;
				LD_RUNPATH_SEARCH_PATHS = "$(inherited) @executable_path/Frameworks";
				PRODUCT_BUNDLE_IDENTIFIER = com.thinkful.RGB;
				PRODUCT_NAME = "$(TARGET_NAME)";
			};
			name = Release;
		};
/* End XCBuildConfiguration section */

/* Begin XCConfigurationList section */
		68FEABFE1CBD689500B5C92F /* Build configuration list for PBXProject "RGB" */ = {
			isa = XCConfigurationList;
			buildConfigurations = (
				68FEAC131CBD689600B5C92F /* Debug */,
				68FEAC141CBD689600B5C92F /* Release */,
			);
			defaultConfigurationIsVisible = 0;
			defaultConfigurationName = Release;
		};
		68FEAC151CBD689600B5C92F /* Build configuration list for PBXNativeTarget "RGB" */ = {
			isa = XCConfigurationList;
			buildConfigurations = (
				68FEAC161CBD689600B5C92F /* Debug */,
				68FEAC171CBD689600B5C92F /* Release */,
			);
			defaultConfigurationIsVisible = 0;
		};
/* End XCConfigurationList section */
	};
	rootObject = 68FEABFB1CBD689500B5C92F /* Project object */;
}
